
Microsoft Visual Studio Solution File, Format Version 12.00
# Visual Studio Version 16
VisualStudioVersion = 16.0.29102.190
MinimumVisualStudioVersion = 10.0.40219.1
Project("{9A19103F-16F7-4668-BE54-9A1E7A4F7556}") = "SlackPrBot", "SlackPrBot.csproj", "{13AECC90-9382-4E5F-BB40-DDE82F2D4491}"
EndProject
Global
	GlobalSection(SolutionConfigurationPlatforms) = preSolution
		Debug|Any CPU = Debug|Any CPU
		Release|Any CPU = Release|Any CPU
	EndGlobalSection
	GlobalSection(ProjectConfigurationPlatforms) = postSolution
		{13AECC90-9382-4E5F-BB40-DDE82F2D4491}.Debug|Any CPU.ActiveCfg = Debug|Any CPU
		{13AECC90-9382-4E5F-BB40-DDE82F2D4491}.Debug|Any CPU.Build.0 = Debug|Any CPU
		{13AECC90-9382-4E5F-BB40-DDE82F2D4491}.Release|Any CPU.ActiveCfg = Release|Any CPU
		{13AECC90-9382-4E5F-BB40-DDE82F2D4491}.Release|Any CPU.Build.0 = Release|Any CPU
	EndGlobalSection
	GlobalSection(SolutionProperties) = preSolution
		HideSolutionNode = FALSE
	EndGlobalSection
	GlobalSection(ExtensibilityGlobals) = postSolution
		SolutionGuid = {BEA9B259-336F-4A73-BFF6-48AD65D8FB73}
	EndGlobalSection
EndGlobal
